{
  "name": "vue-drag-connect",
  "version": "1.0.0",
  "lockfileVersion": 1,
  "requires": true,
  "dependencies": {
    "jsplumb": {
      "version": "2.6.9",
      "resolved": "https://registry.npmjs.org/jsplumb/-/jsplumb-2.6.9.tgz",
      "integrity": "sha512-svP9GYEHWy9KB6kFS6N1d6iNcAZNMg90RT5oxQu3w8Wx3AvMPgsXneT36xeSe4kxo0OFqY7ZUTbB+dpfh/EjMA=="
    }
  }
}
